// !$*UTF8*$!
{
	archiveVersion = 1;
	classes = {
	};
	objectVersion = 50;
	objects = {

/* Begin PBXBuildFile section */
		142A590C2A5885DD0085F54D /* ApertaIOSApp.swift in Sources */ = {isa = PBXBuildFile; fileRef = 142A590B2A5885DD0085F54D /* ApertaIOSApp.swift */; };
		142A590E2A5885DD0085F54D /* ContentView.swift in Sources */ = {isa = PBXBuildFile; fileRef = 142A590D2A5885DD0085F54D /* ContentView.swift */; };
		142A59102A5885E00085F54D /* Assets.xcassets in Resources */ = {isa = PBXBuildFile; fileRef = 142A590F2A5885E00085F54D /* Assets.xcassets */; };
		142A59132A5885E00085F54D /* Preview Assets.xcassets in Resources */ = {isa = PBXBuildFile; fileRef = 142A59122A5885E00085F54D /* Preview Assets.xcassets */; };
		142A59152A5885E00085F54D /* Persistence.swift in Sources */ = {isa = PBXBuildFile; fileRef = 142A59142A5885E00085F54D /* Persistence.swift */; };
		142A59182A5885E00085F54D /* ApertaIOS.xcdatamodeld in Sources */ = {isa = PBXBuildFile; fileRef = 142A59162A5885E00085F54D /* ApertaIOS.xcdatamodeld */; };
		142A59262A5889CC0085F54D /* ApertaViewModel.swift in Sources */ = {isa = PBXBuildFile; fileRef = 142A59252A5889CC0085F54D /* ApertaViewModel.swift */; };
		142A59302A58993E0085F54D /* VencedorView.swift in Sources */ = {isa = PBXBuildFile; fileRef = 142A592F2A58993E0085F54D /* VencedorView.swift */; };
		142A59352A589A520085F54D /* PerdedorView.swift in Sources */ = {isa = PBXBuildFile; fileRef = 142A59342A589A520085F54D /* PerdedorView.swift */; };
		142A593B2A589B440085F54D /* ApertaView.swift in Sources */ = {isa = PBXBuildFile; fileRef = 142A593A2A589B440085F54D /* ApertaView.swift */; };
/* End PBXBuildFile section */

/* Begin PBXFileReference section */
		142A59082A5885DD0085F54D /* ApertaIOS.app */ = {isa = PBXFileReference; explicitFileType = wrapper.application; includeInIndex = 0; path = ApertaIOS.app; sourceTree = BUILT_PRODUCTS_DIR; };
		142A590B2A5885DD0085F54D /* ApertaIOSApp.swift */ = {isa = PBXFileReference; lastKnownFileType = sourcecode.swift; path = ApertaIOSApp.swift; sourceTree = "<group>"; };
		142A590D2A5885DD0085F54D /* ContentView.swift */ = {isa = PBXFileReference; lastKnownFileType = sourcecode.swift; path = ContentView.swift; sourceTree = "<group>"; };
		142A590F2A5885E00085F54D /* Assets.xcassets */ = {isa = PBXFileReference; lastKnownFileType = folder.assetcatalog; path = Assets.xcassets; sourceTree = "<group>"; };
		142A59122A5885E00085F54D /* Preview Assets.xcassets */ = {isa = PBXFileReference; lastKnownFileType = folder.assetcatalog; path = "Preview Assets.xcassets"; sourceTree = "<group>"; };
		142A59142A5885E00085F54D /* Persistence.swift */ = {isa = PBXFileReference; lastKnownFileType = sourcecode.swift; path = Persistence.swift; sourceTree = "<group>"; };
		142A59172A5885E00085F54D /* ApertaIOS.xcdatamodel */ = {isa = PBXFileReference; lastKnownFileType = wrapper.xcdatamodel; path = ApertaIOS.xcdatamodel; sourceTree = "<group>"; };
		142A59192A5885E00085F54D /* Info.plist */ = {isa = PBXFileReference; lastKnownFileType = text.plist.xml; path = Info.plist; sourceTree = "<group>"; };
		142A59252A5889CC0085F54D /* ApertaViewModel.swift */ = {isa = PBXFileReference; lastKnownFileType = sourcecode.swift; path = ApertaViewModel.swift; sourceTree = "<group>"; };
		142A592E2A58982B0085F54D /* Contents.json */ = {isa = PBXFileReference; lastKnownFileType = text.json; path = Contents.json; sourceTree = "<group>"; };
		142A592F2A58993E0085F54D /* VencedorView.swift */ = {isa = PBXFileReference; lastKnownFileType = sourcecode.swift; path = VencedorView.swift; sourceTree = "<group>"; };
		142A59342A589A520085F54D /* PerdedorView.swift */ = {isa = PBXFileReference; lastKnownFileType = sourcecode.swift; path = PerdedorView.swift; sourceTree = "<group>"; };
		142A593A2A589B440085F54D /* ApertaView.swift */ = {isa = PBXFileReference; lastKnownFileType = sourcecode.swift; path = ApertaView.swift; sourceTree = "<group>"; };
/* End PBXFileReference section */

/* Begin PBXFrameworksBuildPhase section */
		142A59052A5885DD0085F54D /* Frameworks */ = {
			isa = PBXFrameworksBuildPhase;
			buildActionMask = 2147483647;
			files = (
			);
			runOnlyForDeploymentPostprocessing = 0;
		};
/* End PBXFrameworksBuildPhase section */

/* Begin PBXGroup section */
		142A58FF2A5885DD0085F54D = {
			isa = PBXGroup;
			children = (
				142A590A2A5885DD0085F54D /* ApertaIOS */,
				142A59092A5885DD0085F54D /* Products */,
			);
			sourceTree = "<group>";
		};
		142A59092A5885DD0085F54D /* Products */ = {
			isa = PBXGroup;
			children = (
				142A59082A5885DD0085F54D /* ApertaIOS.app */,
			);
			name = Products;
			sourceTree = "<group>";
		};
		142A590A2A5885DD0085F54D /* ApertaIOS */ = {
			isa = PBXGroup;
			children = (
				142A590B2A5885DD0085F54D /* ApertaIOSApp.swift */,
				142A590D2A5885DD0085F54D /* ContentView.swift */,
				142A590F2A5885E00085F54D /* Assets.xcassets */,
				142A59142A5885E00085F54D /* Persistence.swift */,
				142A59192A5885E00085F54D /* Info.plist */,
				142A59162A5885E00085F54D /* ApertaIOS.xcdatamodeld */,
				142A59112A5885E00085F54D /* Preview Content */,
				142A59252A5889CC0085F54D /* ApertaViewModel.swift */,
				142A592F2A58993E0085F54D /* VencedorView.swift */,
				142A59342A589A520085F54D /* PerdedorView.swift */,
				142A593A2A589B440085F54D /* ApertaView.swift */,
			);
			path = ApertaIOS;
			sourceTree = "<group>";
		};
		142A59112A5885E00085F54D /* Preview Content */ = {
			isa = PBXGroup;
			children = (
				142A59122A5885E00085F54D /* Preview Assets.xcassets */,
				142A592E2A58982B0085F54D /* Contents.json */,
			);
			path = "Preview Content";
			sourceTree = "<group>";
		};
/* End PBXGroup section */

/* Begin PBXNativeTarget section */
		142A59072A5885DD0085F54D /* ApertaIOS */ = {
			isa = PBXNativeTarget;
			buildConfigurationList = 142A591C2A5885E00085F54D /* Build configuration list for PBXNativeTarget "ApertaIOS" */;
			buildPhases = (
				142A59042A5885DD0085F54D /* Sources */,
				142A59052A5885DD0085F54D /* Frameworks */,
				142A59062A5885DD0085F54D /* Resources */,
			);
			buildRules = (
			);
			dependencies = (
			);
			name = ApertaIOS;
			productName = ApertaIOS;
			productReference = 142A59082A5885DD0085F54D /* ApertaIOS.app */;
			productType = "com.apple.product-type.application";
		};
/* End PBXNativeTarget section */

/* Begin PBXProject section */
		142A59002A5885DD0085F54D /* Project object */ = {
			isa = PBXProject;
			attributes = {
				LastSwiftUpdateCheck = 1240;
				LastUpgradeCheck = 1240;
				TargetAttributes = {
					142A59072A5885DD0085F54D = {
						CreatedOnToolsVersion = 12.4;
					};
				};
			};
			buildConfigurationList = 142A59032A5885DD0085F54D /* Build configuration list for PBXProject "ApertaIOS" */;
			compatibilityVersion = "Xcode 9.3";
			developmentRegion = en;
			hasScannedForEncodings = 0;
			knownRegions = (
				en,
				Base,
			);
			mainGroup = 142A58FF2A5885DD0085F54D;
			productRefGroup = 142A59092A5885DD0085F54D /* Products */;
			projectDirPath = "";
			projectRoot = "";
			targets = (
				142A59072A5885DD0085F54D /* ApertaIOS */,
			);
		};
/* End PBXProject section */

/* Begin PBXResourcesBuildPhase section */
		142A59062A5885DD0085F54D /* Resources */ = {
			isa = PBXResourcesBuildPhase;
			buildActionMask = 2147483647;
			files = (
				142A59132A5885E00085F54D /* Preview Assets.xcassets in Resources */,
				142A59102A5885E00085F54D /* Assets.xcassets in Resources */,
			);
			runOnlyForDeploymentPostprocessing = 0;
		};
/* End PBXResourcesBuildPhase section */

/* Begin PBXSourcesBuildPhase section */
		142A59042A5885DD0085F54D /* Sources */ = {
			isa = PBXSourcesBuildPhase;
			buildActionMask = 2147483647;
			files = (
				142A59152A5885E00085F54D /* Persistence.swift in Sources */,
				142A590E2A5885DD0085F54D /* ContentView.swift in Sources */,
				142A59182A5885E00085F54D /* ApertaIOS.xcdatamodeld in Sources */,
				142A590C2A5885DD0085F54D /* ApertaIOSApp.swift in Sources */,
				142A59302A58993E0085F54D /* VencedorView.swift in Sources */,
				142A593B2A589B440085F54D /* ApertaView.swift in Sources */,
				142A59352A589A520085F54D /* PerdedorView.swift in Sources */,
				142A59262A5889CC0085F54D /* ApertaViewModel.swift in Sources */,
			);
			runOnlyForDeploymentPostprocessing = 0;
		};
/* End PBXSourcesBuildPhase section */

/* Begin XCBuildConfiguration section */
		142A591A2A5885E00085F54D /* Debug */ = {
			isa = XCBuildConfiguration;
			buildSettings = {
				ALWAYS_SEARCH_USER_PATHS = NO;
				CLANG_ANALYZER_NONNULL = YES;
				CLANG_ANALYZER_NUMBER_OBJECT_CONVERSION = YES_AGGRESSIVE;
				CLANG_CXX_LANGUAGE_STANDARD = "gnu++14";
				CLANG_CXX_LIBRARY = "libc++";
				CLANG_ENABLE_MODULES = YES;
				CLANG_ENABLE_OBJC_ARC = YES;
				CLANG_ENABLE_OBJC_WEAK = YES;
				CLANG_WARN_BLOCK_CAPTURE_AUTORELEASING = YES;
				CLANG_WARN_BOOL_CONVERSION = YES;
				CLANG_WARN_COMMA = YES;
				CLANG_WARN_CONSTANT_CONVERSION = YES;
				CLANG_WARN_DEPRECATED_OBJC_IMPLEMENTATIONS = YES;
				CLANG_WARN_DIRECT_OBJC_ISA_USAGE = YES_ERROR;
				CLANG_WARN_DOCUMENTATION_COMMENTS = YES;
				CLANG_WARN_EMPTY_BODY = YES;
				CLANG_WARN_ENUM_CONVERSION = YES;
				CLANG_WARN_INFINITE_RECURSION = YES;
				CLANG_WARN_INT_CONVERSION = YES;
				CLANG_WARN_NON_LITERAL_NULL_CONVERSION = YES;
				CLANG_WARN_OBJC_IMPLICIT_RETAIN_SELF = YES;
				CLANG_WARN_OBJC_LITERAL_CONVERSION = YES;
				CLANG_WARN_OBJC_ROOT_CLASS = YES_ERROR;
				CLANG_WARN_QUOTED_INCLUDE_IN_FRAMEWORK_HEADER = YES;
				CLANG_WARN_RANGE_LOOP_ANALYSIS = YES;
				CLANG_WARN_STRICT_PROTOTYPES = YES;
				CLANG_WARN_SUSPICIOUS_MOVE = YES;
				CLANG_WARN_UNGUARDED_AVAILABILITY = YES_AGGRESSIVE;
				CLANG_WARN_UNREACHABLE_CODE = YES;
				CLANG_WARN__DUPLICATE_METHOD_MATCH = YES;
				COPY_PHASE_STRIP = NO;
				DEBUG_INFORMATION_FORMAT = dwarf;
				ENABLE_STRICT_OBJC_MSGSEND = YES;
				ENABLE_TESTABILITY = YES;
				GCC_C_LANGUAGE_STANDARD = gnu11;
				GCC_DYNAMIC_NO_PIC = NO;
				GCC_NO_COMMON_BLOCKS = YES;
				GCC_OPTIMIZATION_LEVEL = 0;
				GCC_PREPROCESSOR_DEFINITIONS = (
					"DEBUG=1",
					"$(inherited)",
				);
				GCC_WARN_64_TO_32_BIT_CONVERSION = YES;
				GCC_WARN_ABOUT_RETURN_TYPE = YES_ERROR;
				GCC_WARN_UNDECLARED_SELECTOR = YES;
				GCC_WARN_UNINITIALIZED_AUTOS = YES_AGGRESSIVE;
				GCC_WARN_UNUSED_FUNCTION = YES;
				GCC_WARN_UNUSED_VARIABLE = YES;
				IPHONEOS_DEPLOYMENT_TARGET = 14.4;
				MTL_ENABLE_DEBUG_INFO = INCLUDE_SOURCE;
				MTL_FAST_MATH = YES;
				ONLY_ACTIVE_ARCH = YES;
				SDKROOT = iphoneos;
				SWIFT_ACTIVE_COMPILATION_CONDITIONS = DEBUG;
				SWIFT_OPTIMIZATION_LEVEL = "-Onone";
			};
			name = Debug;
		};
		142A591B2A5885E00085F54D /* Release */ = {
			isa = XCBuildConfiguration;
			buildSettings = {
				ALWAYS_SEARCH_USER_PATHS = NO;
				CLANG_ANALYZER_NONNULL = YES;
				CLANG_ANALYZER_NUMBER_OBJECT_CONVERSION = YES_AGGRESSIVE;
				CLANG_CXX_LANGUAGE_STANDARD = "gnu++14";
				CLANG_CXX_LIBRARY = "libc++";
				CLANG_ENABLE_MODULES = YES;
				CLANG_ENABLE_OBJC_ARC = YES;
				CLANG_ENABLE_OBJC_WEAK = YES;
				CLANG_WARN_BLOCK_CAPTURE_AUTORELEASING = YES;
				CLANG_WARN_BOOL_CONVERSION = YES;
				CLANG_WARN_COMMA = YES;
				CLANG_WARN_CONSTANT_CONVERSION = YES;
				CLANG_WARN_DEPRECATED_OBJC_IMPLEMENTATIONS = YES;
				CLANG_WARN_DIRECT_OBJC_ISA_USAGE = YES_ERROR;
				CLANG_WARN_DOCUMENTATION_COMMENTS = YES;
				CLANG_WARN_EMPTY_BODY = YES;
				CLANG_WARN_ENUM_CONVERSION = YES;
				CLANG_WARN_INFINITE_RECURSION = YES;
				CLANG_WARN_INT_CONVERSION = YES;
				CLANG_WARN_NON_LITERAL_NULL_CONVERSION = YES;
				CLANG_WARN_OBJC_IMPLICIT_RETAIN_SELF = YES;
				CLANG_WARN_OBJC_LITERAL_CONVERSION = YES;
				CLANG_WARN_OBJC_ROOT_CLASS = YES_ERROR;
				CLANG_WARN_QUOTED_INCLUDE_IN_FRAMEWORK_HEADER = YES;
				CLANG_WARN_RANGE_LOOP_ANALYSIS = YES;
				CLANG_WARN_STRICT_PROTOTYPES = YES;
				CLANG_WARN_SUSPICIOUS_MOVE = YES;
				CLANG_WARN_UNGUARDED_AVAILABILITY = YES_AGGRESSIVE;
				CLANG_WARN_UNREACHABLE_CODE = YES;
				CLANG_WARN__DUPLICATE_METHOD_MATCH = YES;
				COPY_PHASE_STRIP = NO;
				DEBUG_INFORMATION_FORMAT = "dwarf-with-dsym";
				ENABLE_NS_ASSERTIONS = NO;
				ENABLE_STRICT_OBJC_MSGSEND = YES;
				GCC_C_LANGUAGE_STANDARD = gnu11;
				GCC_NO_COMMON_BLOCKS = YES;
				GCC_WARN_64_TO_32_BIT_CONVERSION = YES;
				GCC_WARN_ABOUT_RETURN_TYPE = YES_ERROR;
				GCC_WARN_UNDECLARED_SELECTOR = YES;
				GCC_WARN_UNINITIALIZED_AUTOS = YES_AGGRESSIVE;
				GCC_WARN_UNUSED_FUNCTION = YES;
				GCC_WARN_UNUSED_VARIABLE = YES;
				IPHONEOS_DEPLOYMENT_TARGET = 14.4;
				MTL_ENABLE_DEBUG_INFO = NO;
				MTL_FAST_MATH = YES;
				SDKROOT = iphoneos;
				SWIFT_COMPILATION_MODE = wholemodule;
				SWIFT_OPTIMIZATION_LEVEL = "-O";
				VALIDATE_PRODUCT = YES;
			};
			name = Release;
		};
		142A591D2A5885E00085F54D /* Debug */ = {
			isa = XCBuildConfiguration;
			buildSettings = {
				ASSETCATALOG_COMPILER_APPICON_NAME = AppIcon;
				ASSETCATALOG_COMPILER_GLOBAL_ACCENT_COLOR_NAME = AccentColor;
				CODE_SIGN_STYLE = Automatic;
				DEVELOPMENT_ASSET_PATHS = "\"ApertaIOS/Preview Content\"";
				ENABLE_PREVIEWS = YES;
				INFOPLIST_FILE = ApertaIOS/Info.plist;
				IPHONEOS_DEPLOYMENT_TARGET = 14.0;
				LD_RUNPATH_SEARCH_PATHS = (
					"$(inherited)",
					"@executable_path/Frameworks",
				);
				PRODUCT_BUNDLE_IDENTIFIER = com.ifpb.edu.pdm.ApertaIOS;
				PRODUCT_NAME = "$(TARGET_NAME)";
				SWIFT_VERSION = 5.0;
				TARGETED_DEVICE_FAMILY = "1,2";
			};
			name = Debug;
		};
		142A591E2A5885E00085F54D /* Release */ = {
			isa = XCBuildConfiguration;
			buildSettings = {
				ASSETCATALOG_COMPILER_APPICON_NAME = AppIcon;
				ASSETCATALOG_COMPILER_GLOBAL_ACCENT_COLOR_NAME = AccentColor;
				CODE_SIGN_STYLE = Automatic;
				DEVELOPMENT_ASSET_PATHS = "\"ApertaIOS/Preview Content\"";
				ENABLE_PREVIEWS = YES;
				INFOPLIST_FILE = ApertaIOS/Info.plist;
				IPHONEOS_DEPLOYMENT_TARGET = 14.0;
				LD_RUNPATH_SEARCH_PATHS = (
					"$(inherited)",
					"@executable_path/Frameworks",
				);
				PRODUCT_BUNDLE_IDENTIFIER = com.ifpb.edu.pdm.ApertaIOS;
				PRODUCT_NAME = "$(TARGET_NAME)";
				SWIFT_VERSION = 5.0;
				TARGETED_DEVICE_FAMILY = "1,2";
			};
			name = Release;
		};
/* End XCBuildConfiguration section */

/* Begin XCConfigurationList section */
		142A59032A5885DD0085F54D /* Build configuration list for PBXProject "ApertaIOS" */ = {
			isa = XCConfigurationList;
			buildConfigurations = (
				142A591A2A5885E00085F54D /* Debug */,
				142A591B2A5885E00085F54D /* Release */,
			);
			defaultConfigurationIsVisible = 0;
			defaultConfigurationName = Release;
		};
		142A591C2A5885E00085F54D /* Build configuration list for PBXNativeTarget "ApertaIOS" */ = {
			isa = XCConfigurationList;
			buildConfigurations = (
				142A591D2A5885E00085F54D /* Debug */,
				142A591E2A5885E00085F54D /* Release */,
			);
			defaultConfigurationIsVisible = 0;
			defaultConfigurationName = Release;
		};
/* End XCConfigurationList section */

/* Begin XCVersionGroup section */
		142A59162A5885E00085F54D /* ApertaIOS.xcdatamodeld */ = {
			isa = XCVersionGroup;
			children = (
				142A59172A5885E00085F54D /* ApertaIOS.xcdatamodel */,
			);
			currentVersion = 142A59172A5885E00085F54D /* ApertaIOS.xcdatamodel */;
			path = ApertaIOS.xcdatamodeld;
			sourceTree = "<group>";
			versionGroupType = wrapper.xcdatamodel;
		};
/* End XCVersionGroup section */
	};
	rootObject = 142A59002A5885DD0085F54D /* Project object */;
}
